
Microsoft Visual Studio Solution File, Format Version 12.00
# Visual Studio Version 17
VisualStudioVersion = 17.4.33205.214
MinimumVisualStudioVersion = 10.0.40219.1
Project("{FAE04EC0-301F-11D3-BF4B-00C04F79EFBC}") = "ResetPruevaOffice2019", "ResetPruevaOffice2019.csproj", "{C7CF52ED-A8D5-4822-8B26-C43B8961A3E3}"
EndProject
Global
	GlobalSection(SolutionConfigurationPlatforms) = preSolution
		Debug|Any CPU = Debug|Any CPU
		Release|Any CPU = Release|Any CPU
	EndGlobalSection
	GlobalSection(ProjectConfigurationPlatforms) = postSolution
		{C7CF52ED-A8D5-4822-8B26-C43B8961A3E3}.Debug|Any CPU.ActiveCfg = Debug|Any CPU
		{C7CF52ED-A8D5-4822-8B26-C43B8961A3E3}.Debug|Any CPU.Build.0 = Debug|Any CPU
		{C7CF52ED-A8D5-4822-8B26-C43B8961A3E3}.Release|Any CPU.ActiveCfg = Release|Any CPU
		{C7CF52ED-A8D5-4822-8B26-C43B8961A3E3}.Release|Any CPU.Build.0 = Release|Any CPU
	EndGlobalSection
	GlobalSection(SolutionProperties) = preSolution
		HideSolutionNode = FALSE
	EndGlobalSection
	GlobalSection(ExtensibilityGlobals) = postSolution
		SolutionGuid = {D5327B83-BD95-4CDE-9071-519164B4724A}
	EndGlobalSection
EndGlobal
